
Microsoft Visual Studio Solution File, Format Version 12.00
# Visual Studio Version 16
VisualStudioVersion = 16.0.29318.209
MinimumVisualStudioVersion = 10.0.40219.1
Project("{9A19103F-16F7-4668-BE54-9A1E7A4F7556}") = "CustomerOrderingService", "CustomerOrderingService\CustomerOrderingService.csproj", "{974B371F-858D-40A8-A349-6687736917DD}"
EndProject
Project("{9A19103F-16F7-4668-BE54-9A1E7A4F7556}") = "Order.Repository", "OrderRepository\Order.Repository.csproj", "{E21691F1-D607-47A8-A0A7-A9978242724A}"
EndProject
Project("{9A19103F-16F7-4668-BE54-9A1E7A4F7556}") = "OrderData", "OrderData\OrderData.csproj", "{A9B44BFC-F864-4884-9F8E-93F4C3F97B3C}"
EndProject
Project("{FAE04EC0-301F-11D3-BF4B-00C04F79EFBC}") = "StaffProduct.Facade", "StaffProductFacade\StaffProduct.Facade.csproj", "{0EA2499C-0789-4D91-950D-92CCBA4E7ECE}"
EndProject
Project("{FAE04EC0-301F-11D3-BF4B-00C04F79EFBC}") = "CustomerOrderingService.UnitTests", "CustomerOrderingService.UnitTests\CustomerOrderingService.UnitTests.csproj", "{271A8924-1706-4594-B5F7-F74817D89032}"
EndProject
Global
	GlobalSection(SolutionConfigurationPlatforms) = preSolution
		Debug|Any CPU = Debug|Any CPU
		Release|Any CPU = Release|Any CPU
	EndGlobalSection
	GlobalSection(ProjectConfigurationPlatforms) = postSolution
		{974B371F-858D-40A8-A349-6687736917DD}.Debug|Any CPU.ActiveCfg = Debug|Any CPU
		{974B371F-858D-40A8-A349-6687736917DD}.Debug|Any CPU.Build.0 = Debug|Any CPU
		{974B371F-858D-40A8-A349-6687736917DD}.Release|Any CPU.ActiveCfg = Release|Any CPU
		{974B371F-858D-40A8-A349-6687736917DD}.Release|Any CPU.Build.0 = Release|Any CPU
		{E21691F1-D607-47A8-A0A7-A9978242724A}.Debug|Any CPU.ActiveCfg = Debug|Any CPU
		{E21691F1-D607-47A8-A0A7-A9978242724A}.Debug|Any CPU.Build.0 = Debug|Any CPU
		{E21691F1-D607-47A8-A0A7-A9978242724A}.Release|Any CPU.ActiveCfg = Release|Any CPU
		{E21691F1-D607-47A8-A0A7-A9978242724A}.Release|Any CPU.Build.0 = Release|Any CPU
		{A9B44BFC-F864-4884-9F8E-93F4C3F97B3C}.Debug|Any CPU.ActiveCfg = Debug|Any CPU
		{A9B44BFC-F864-4884-9F8E-93F4C3F97B3C}.Debug|Any CPU.Build.0 = Debug|Any CPU
		{A9B44BFC-F864-4884-9F8E-93F4C3F97B3C}.Release|Any CPU.ActiveCfg = Release|Any CPU
		{A9B44BFC-F864-4884-9F8E-93F4C3F97B3C}.Release|Any CPU.Build.0 = Release|Any CPU
		{0EA2499C-0789-4D91-950D-92CCBA4E7ECE}.Debug|Any CPU.ActiveCfg = Debug|Any CPU
		{0EA2499C-0789-4D91-950D-92CCBA4E7ECE}.Debug|Any CPU.Build.0 = Debug|Any CPU
		{0EA2499C-0789-4D91-950D-92CCBA4E7ECE}.Release|Any CPU.ActiveCfg = Release|Any CPU
		{0EA2499C-0789-4D91-950D-92CCBA4E7ECE}.Release|Any CPU.Build.0 = Release|Any CPU
		{271A8924-1706-4594-B5F7-F74817D89032}.Debug|Any CPU.ActiveCfg = Debug|Any CPU
		{271A8924-1706-4594-B5F7-F74817D89032}.Debug|Any CPU.Build.0 = Debug|Any CPU
		{271A8924-1706-4594-B5F7-F74817D89032}.Release|Any CPU.ActiveCfg = Release|Any CPU
		{271A8924-1706-4594-B5F7-F74817D89032}.Release|Any CPU.Build.0 = Release|Any CPU
	EndGlobalSection
	GlobalSection(SolutionProperties) = preSolution
		HideSolutionNode = FALSE
	EndGlobalSection
	GlobalSection(ExtensibilityGlobals) = postSolution
		SolutionGuid = {8D269724-00A8-441D-9ED0-513C52971127}
	EndGlobalSection
EndGlobal
