
Microsoft Visual Studio Solution File, Format Version 12.00
# Visual Studio Version 16
VisualStudioVersion = 16.0.29318.209
MinimumVisualStudioVersion = 10.0.40219.1
Project("{FAE04EC0-301F-11D3-BF4B-00C04F79EFBC}") = "CustomerOrderingService", "CustomerOrderingService\CustomerOrderingService.csproj", "{974B371F-858D-40A8-A349-6687736917DD}"
EndProject
Global
	GlobalSection(SolutionConfigurationPlatforms) = preSolution
		Debug|Any CPU = Debug|Any CPU
		Release|Any CPU = Release|Any CPU
	EndGlobalSection
	GlobalSection(ProjectConfigurationPlatforms) = postSolution
		{974B371F-858D-40A8-A349-6687736917DD}.Debug|Any CPU.ActiveCfg = Debug|Any CPU
		{974B371F-858D-40A8-A349-6687736917DD}.Debug|Any CPU.Build.0 = Debug|Any CPU
		{974B371F-858D-40A8-A349-6687736917DD}.Release|Any CPU.ActiveCfg = Release|Any CPU
		{974B371F-858D-40A8-A349-6687736917DD}.Release|Any CPU.Build.0 = Release|Any CPU
	EndGlobalSection
	GlobalSection(SolutionProperties) = preSolution
		HideSolutionNode = FALSE
	EndGlobalSection
	GlobalSection(ExtensibilityGlobals) = postSolution
		SolutionGuid = {8D269724-00A8-441D-9ED0-513C52971127}
	EndGlobalSection
EndGlobal
